// !$*UTF8*$!
{
	archiveVersion = 1;
	classes = {
	};
	objectVersion = 50;
	objects = {

/* Begin PBXBuildFile section */
		208945F922F94F0C0044063F /* AppDelegate.swift in Sources */ = {isa = PBXBuildFile; fileRef = 208945F822F94F0C0044063F /* AppDelegate.swift */; };
		208945FB22F94F0C0044063F /* ViewController.swift in Sources */ = {isa = PBXBuildFile; fileRef = 208945FA22F94F0C0044063F /* ViewController.swift */; };
		208945FE22F94F0C0044063F /* Main.storyboard in Resources */ = {isa = PBXBuildFile; fileRef = 208945FC22F94F0C0044063F /* Main.storyboard */; };
		2089460022F94F0E0044063F /* Assets.xcassets in Resources */ = {isa = PBXBuildFile; fileRef = 208945FF22F94F0E0044063F /* Assets.xcassets */; };
		2089460322F94F0E0044063F /* LaunchScreen.storyboard in Resources */ = {isa = PBXBuildFile; fileRef = 2089460122F94F0E0044063F /* LaunchScreen.storyboard */; };
		2089460E22FA43D30044063F /* UILabelRounded.swift in Sources */ = {isa = PBXBuildFile; fileRef = 2089460D22FA43D30044063F /* UILabelRounded.swift */; };
/* End PBXBuildFile section */

/* Begin PBXFileReference section */
		208945F522F94F0C0044063F /* MessageUISample.app */ = {isa = PBXFileReference; explicitFileType = wrapper.application; includeInIndex = 0; path = MessageUISample.app; sourceTree = BUILT_PRODUCTS_DIR; };
		208945F822F94F0C0044063F /* AppDelegate.swift */ = {isa = PBXFileReference; lastKnownFileType = sourcecode.swift; path = AppDelegate.swift; sourceTree = "<group>"; };
		208945FA22F94F0C0044063F /* ViewController.swift */ = {isa = PBXFileReference; lastKnownFileType = sourcecode.swift; path = ViewController.swift; sourceTree = "<group>"; };
		208945FD22F94F0C0044063F /* Base */ = {isa = PBXFileReference; lastKnownFileType = file.storyboard; name = Base; path = Base.lproj/Main.storyboard; sourceTree = "<group>"; };
		208945FF22F94F0E0044063F /* Assets.xcassets */ = {isa = PBXFileReference; lastKnownFileType = folder.assetcatalog; path = Assets.xcassets; sourceTree = "<group>"; };
		2089460222F94F0E0044063F /* Base */ = {isa = PBXFileReference; lastKnownFileType = file.storyboard; name = Base; path = Base.lproj/LaunchScreen.storyboard; sourceTree = "<group>"; };
		2089460422F94F0E0044063F /* Info.plist */ = {isa = PBXFileReference; lastKnownFileType = text.plist.xml; path = Info.plist; sourceTree = "<group>"; };
		2089460D22FA43D30044063F /* UILabelRounded.swift */ = {isa = PBXFileReference; lastKnownFileType = sourcecode.swift; path = UILabelRounded.swift; sourceTree = "<group>"; };
/* End PBXFileReference section */

/* Begin PBXFrameworksBuildPhase section */
		208945F222F94F0C0044063F /* Frameworks */ = {
			isa = PBXFrameworksBuildPhase;
			buildActionMask = 2147483647;
			files = (
			);
			runOnlyForDeploymentPostprocessing = 0;
		};
/* End PBXFrameworksBuildPhase section */

/* Begin PBXGroup section */
		208945EC22F94F0C0044063F = {
			isa = PBXGroup;
			children = (
				208945F722F94F0C0044063F /* MessageUISample */,
				208945F622F94F0C0044063F /* Products */,
			);
			sourceTree = "<group>";
		};
		208945F622F94F0C0044063F /* Products */ = {
			isa = PBXGroup;
			children = (
				208945F522F94F0C0044063F /* MessageUISample.app */,
			);
			name = Products;
			sourceTree = "<group>";
		};
		208945F722F94F0C0044063F /* MessageUISample */ = {
			isa = PBXGroup;
			children = (
				2089460A22F951DA0044063F /* MessageUISample */,
				208945F822F94F0C0044063F /* AppDelegate.swift */,
				208945FA22F94F0C0044063F /* ViewController.swift */,
				208945FC22F94F0C0044063F /* Main.storyboard */,
				208945FF22F94F0E0044063F /* Assets.xcassets */,
				2089460122F94F0E0044063F /* LaunchScreen.storyboard */,
				2089460422F94F0E0044063F /* Info.plist */,
				2089460D22FA43D30044063F /* UILabelRounded.swift */,
			);
			path = MessageUISample;
			sourceTree = "<group>";
		};
		2089460A22F951DA0044063F /* MessageUISample */ = {
			isa = PBXGroup;
			children = (
			);
			path = MessageUISample;
			sourceTree = "<group>";
		};
/* End PBXGroup section */

/* Begin PBXNativeTarget section */
		208945F422F94F0C0044063F /* MessageUISample */ = {
			isa = PBXNativeTarget;
			buildConfigurationList = 2089460722F94F0E0044063F /* Build configuration list for PBXNativeTarget "MessageUISample" */;
			buildPhases = (
				208945F122F94F0C0044063F /* Sources */,
				208945F222F94F0C0044063F /* Frameworks */,
				208945F322F94F0C0044063F /* Resources */,
			);
			buildRules = (
			);
			dependencies = (
			);
			name = MessageUISample;
			productName = MessageView;
			productReference = 208945F522F94F0C0044063F /* MessageUISample.app */;
			productType = "com.apple.product-type.application";
		};
/* End PBXNativeTarget section */

/* Begin PBXProject section */
		208945ED22F94F0C0044063F /* Project object */ = {
			isa = PBXProject;
			attributes = {
				LastSwiftUpdateCheck = 1030;
				LastUpgradeCheck = 1030;
				ORGANIZATIONNAME = mycompany;
				TargetAttributes = {
					208945F422F94F0C0044063F = {
						CreatedOnToolsVersion = 10.3;
					};
				};
			};
			buildConfigurationList = 208945F022F94F0C0044063F /* Build configuration list for PBXProject "MessageUISample" */;
			compatibilityVersion = "Xcode 9.3";
			developmentRegion = en;
			hasScannedForEncodings = 0;
			knownRegions = (
				en,
				Base,
			);
			mainGroup = 208945EC22F94F0C0044063F;
			productRefGroup = 208945F622F94F0C0044063F /* Products */;
			projectDirPath = "";
			projectRoot = "";
			targets = (
				208945F422F94F0C0044063F /* MessageUISample */,
			);
		};
/* End PBXProject section */

/* Begin PBXResourcesBuildPhase section */
		208945F322F94F0C0044063F /* Resources */ = {
			isa = PBXResourcesBuildPhase;
			buildActionMask = 2147483647;
			files = (
				2089460322F94F0E0044063F /* LaunchScreen.storyboard in Resources */,
				2089460022F94F0E0044063F /* Assets.xcassets in Resources */,
				208945FE22F94F0C0044063F /* Main.storyboard in Resources */,
			);
			runOnlyForDeploymentPostprocessing = 0;
		};
/* End PBXResourcesBuildPhase section */

/* Begin PBXSourcesBuildPhase section */
		208945F122F94F0C0044063F /* Sources */ = {
			isa = PBXSourcesBuildPhase;
			buildActionMask = 2147483647;
			files = (
				208945FB22F94F0C0044063F /* ViewController.swift in Sources */,
				208945F922F94F0C0044063F /* AppDelegate.swift in Sources */,
				2089460E22FA43D30044063F /* UILabelRounded.swift in Sources */,
			);
			runOnlyForDeploymentPostprocessing = 0;
		};
/* End PBXSourcesBuildPhase section */

/* Begin PBXVariantGroup section */
		208945FC22F94F0C0044063F /* Main.storyboard */ = {
			isa = PBXVariantGroup;
			children = (
				208945FD22F94F0C0044063F /* Base */,
			);
			name = Main.storyboard;
			sourceTree = "<group>";
		};
		2089460122F94F0E0044063F /* LaunchScreen.storyboard */ = {
			isa = PBXVariantGroup;
			children = (
				2089460222F94F0E0044063F /* Base */,
			);
			name = LaunchScreen.storyboard;
			sourceTree = "<group>";
		};
/* End PBXVariantGroup section */

/* Begin XCBuildConfiguration section */
		2089460522F94F0E0044063F /* Debug */ = {
			isa = XCBuildConfiguration;
			buildSettings = {
				ALWAYS_SEARCH_USER_PATHS = NO;
				CLANG_ANALYZER_NONNULL = YES;
				CLANG_ANALYZER_NUMBER_OBJECT_CONVERSION = YES_AGGRESSIVE;
				CLANG_CXX_LANGUAGE_STANDARD = "gnu++14";
				CLANG_CXX_LIBRARY = "libc++";
				CLANG_ENABLE_MODULES = YES;
				CLANG_ENABLE_OBJC_ARC = YES;
				CLANG_ENABLE_OBJC_WEAK = YES;
				CLANG_WARN_BLOCK_CAPTURE_AUTORELEASING = YES;
				CLANG_WARN_BOOL_CONVERSION = YES;
				CLANG_WARN_COMMA = YES;
				CLANG_WARN_CONSTANT_CONVERSION = YES;
				CLANG_WARN_DEPRECATED_OBJC_IMPLEMENTATIONS = YES;
				CLANG_WARN_DIRECT_OBJC_ISA_USAGE = YES_ERROR;
				CLANG_WARN_DOCUMENTATION_COMMENTS = YES;
				CLANG_WARN_EMPTY_BODY = YES;
				CLANG_WARN_ENUM_CONVERSION = YES;
				CLANG_WARN_INFINITE_RECURSION = YES;
				CLANG_WARN_INT_CONVERSION = YES;
				CLANG_WARN_NON_LITERAL_NULL_CONVERSION = YES;
				CLANG_WARN_OBJC_IMPLICIT_RETAIN_SELF = YES;
				CLANG_WARN_OBJC_LITERAL_CONVERSION = YES;
				CLANG_WARN_OBJC_ROOT_CLASS = YES_ERROR;
				CLANG_WARN_RANGE_LOOP_ANALYSIS = YES;
				CLANG_WARN_STRICT_PROTOTYPES = YES;
				CLANG_WARN_SUSPICIOUS_MOVE = YES;
				CLANG_WARN_UNGUARDED_AVAILABILITY = YES_AGGRESSIVE;
				CLANG_WARN_UNREACHABLE_CODE = YES;
				CLANG_WARN__DUPLICATE_METHOD_MATCH = YES;
				CODE_SIGN_IDENTITY = "iPhone Developer";
				COPY_PHASE_STRIP = NO;
				DEBUG_INFORMATION_FORMAT = dwarf;
				ENABLE_STRICT_OBJC_MSGSEND = YES;
				ENABLE_TESTABILITY = YES;
				GCC_C_LANGUAGE_STANDARD = gnu11;
				GCC_DYNAMIC_NO_PIC = NO;
				GCC_NO_COMMON_BLOCKS = YES;
				GCC_OPTIMIZATION_LEVEL = 0;
				GCC_PREPROCESSOR_DEFINITIONS = (
					"DEBUG=1",
					"$(inherited)",
				);
				GCC_WARN_64_TO_32_BIT_CONVERSION = YES;
				GCC_WARN_ABOUT_RETURN_TYPE = YES_ERROR;
				GCC_WARN_UNDECLARED_SELECTOR = YES;
				GCC_WARN_UNINITIALIZED_AUTOS = YES_AGGRESSIVE;
				GCC_WARN_UNUSED_FUNCTION = YES;
				GCC_WARN_UNUSED_VARIABLE = YES;
				IPHONEOS_DEPLOYMENT_TARGET = 12.4;
				MTL_ENABLE_DEBUG_INFO = INCLUDE_SOURCE;
				MTL_FAST_MATH = YES;
				ONLY_ACTIVE_ARCH = YES;
				SDKROOT = iphoneos;
				SWIFT_ACTIVE_COMPILATION_CONDITIONS = DEBUG;
				SWIFT_OPTIMIZATION_LEVEL = "-Onone";
			};
			name = Debug;
		};
		2089460622F94F0E0044063F /* Release */ = {
			isa = XCBuildConfiguration;
			buildSettings = {
				ALWAYS_SEARCH_USER_PATHS = NO;
				CLANG_ANALYZER_NONNULL = YES;
				CLANG_ANALYZER_NUMBER_OBJECT_CONVERSION = YES_AGGRESSIVE;
				CLANG_CXX_LANGUAGE_STANDARD = "gnu++14";
				CLANG_CXX_LIBRARY = "libc++";
				CLANG_ENABLE_MODULES = YES;
				CLANG_ENABLE_OBJC_ARC = YES;
				CLANG_ENABLE_OBJC_WEAK = YES;
				CLANG_WARN_BLOCK_CAPTURE_AUTORELEASING = YES;
				CLANG_WARN_BOOL_CONVERSION = YES;
				CLANG_WARN_COMMA = YES;
				CLANG_WARN_CONSTANT_CONVERSION = YES;
				CLANG_WARN_DEPRECATED_OBJC_IMPLEMENTATIONS = YES;
				CLANG_WARN_DIRECT_OBJC_ISA_USAGE = YES_ERROR;
				CLANG_WARN_DOCUMENTATION_COMMENTS = YES;
				CLANG_WARN_EMPTY_BODY = YES;
				CLANG_WARN_ENUM_CONVERSION = YES;
				CLANG_WARN_INFINITE_RECURSION = YES;
				CLANG_WARN_INT_CONVERSION = YES;
				CLANG_WARN_NON_LITERAL_NULL_CONVERSION = YES;
				CLANG_WARN_OBJC_IMPLICIT_RETAIN_SELF = YES;
				CLANG_WARN_OBJC_LITERAL_CONVERSION = YES;
				CLANG_WARN_OBJC_ROOT_CLASS = YES_ERROR;
				CLANG_WARN_RANGE_LOOP_ANALYSIS = YES;
				CLANG_WARN_STRICT_PROTOTYPES = YES;
				CLANG_WARN_SUSPICIOUS_MOVE = YES;
				CLANG_WARN_UNGUARDED_AVAILABILITY = YES_AGGRESSIVE;
				CLANG_WARN_UNREACHABLE_CODE = YES;
				CLANG_WARN__DUPLICATE_METHOD_MATCH = YES;
				CODE_SIGN_IDENTITY = "iPhone Developer";
				COPY_PHASE_STRIP = NO;
				DEBUG_INFORMATION_FORMAT = "dwarf-with-dsym";
				ENABLE_NS_ASSERTIONS = NO;
				ENABLE_STRICT_OBJC_MSGSEND = YES;
				GCC_C_LANGUAGE_STANDARD = gnu11;
				GCC_NO_COMMON_BLOCKS = YES;
				GCC_WARN_64_TO_32_BIT_CONVERSION = YES;
				GCC_WARN_ABOUT_RETURN_TYPE = YES_ERROR;
				GCC_WARN_UNDECLARED_SELECTOR = YES;
				GCC_WARN_UNINITIALIZED_AUTOS = YES_AGGRESSIVE;
				GCC_WARN_UNUSED_FUNCTION = YES;
				GCC_WARN_UNUSED_VARIABLE = YES;
				IPHONEOS_DEPLOYMENT_TARGET = 12.4;
				MTL_ENABLE_DEBUG_INFO = NO;
				MTL_FAST_MATH = YES;
				SDKROOT = iphoneos;
				SWIFT_COMPILATION_MODE = wholemodule;
				SWIFT_OPTIMIZATION_LEVEL = "-O";
				VALIDATE_PRODUCT = YES;
			};
			name = Release;
		};
		2089460822F94F0E0044063F /* Debug */ = {
			isa = XCBuildConfiguration;
			buildSettings = {
				ASSETCATALOG_COMPILER_APPICON_NAME = AppIcon;
				CODE_SIGN_STYLE = Automatic;
				DEVELOPMENT_TEAM = MYTEAMID;
				INFOPLIST_FILE = MessageUISample/Info.plist;
				LD_RUNPATH_SEARCH_PATHS = (
					"$(inherited)",
					"@executable_path/Frameworks",
				);
				PRODUCT_BUNDLE_IDENTIFIER = com.example.MessageUISample;
				PRODUCT_NAME = "$(TARGET_NAME)";
				SWIFT_VERSION = 5.0;
				TARGETED_DEVICE_FAMILY = "1,2";
			};
			name = Debug;
		};
		2089460922F94F0E0044063F /* Release */ = {
			isa = XCBuildConfiguration;
			buildSettings = {
				ASSETCATALOG_COMPILER_APPICON_NAME = AppIcon;
				CODE_SIGN_STYLE = Automatic;
				DEVELOPMENT_TEAM = MYTEAMID;
				INFOPLIST_FILE = MessageUISample/Info.plist;
				LD_RUNPATH_SEARCH_PATHS = (
					"$(inherited)",
					"@executable_path/Frameworks",
				);
				PRODUCT_BUNDLE_IDENTIFIER = com.example.MessageUISample;
				PRODUCT_NAME = "$(TARGET_NAME)";
				SWIFT_VERSION = 5.0;
				TARGETED_DEVICE_FAMILY = "1,2";
			};
			name = Release;
		};
/* End XCBuildConfiguration section */

/* Begin XCConfigurationList section */
		208945F022F94F0C0044063F /* Build configuration list for PBXProject "MessageUISample" */ = {
			isa = XCConfigurationList;
			buildConfigurations = (
				2089460522F94F0E0044063F /* Debug */,
				2089460622F94F0E0044063F /* Release */,
			);
			defaultConfigurationIsVisible = 0;
			defaultConfigurationName = Release;
		};
		2089460722F94F0E0044063F /* Build configuration list for PBXNativeTarget "MessageUISample" */ = {
			isa = XCConfigurationList;
			buildConfigurations = (
				2089460822F94F0E0044063F /* Debug */,
				2089460922F94F0E0044063F /* Release */,
			);
			defaultConfigurationIsVisible = 0;
			defaultConfigurationName = Release;
		};
/* End XCConfigurationList section */
	};
	rootObject = 208945ED22F94F0C0044063F /* Project object */;
}
